
Microsoft Visual Studio Solution File, Format Version 12.00
# Visual Studio Version 17
VisualStudioVersion = 17.5.33516.290
MinimumVisualStudioVersion = 10.0.40219.1
Project("{FAE04EC0-301F-11D3-BF4B-00C04F79EFBC}") = "SalesWebMvc", "SalesWebMvc\SalesWebMvc.csproj", "{EDC158B0-27CB-4627-B6F5-120FAE6AA541}"
EndProject
Global
	GlobalSection(SolutionConfigurationPlatforms) = preSolution
		Debug|Any CPU = Debug|Any CPU
		Release|Any CPU = Release|Any CPU
	EndGlobalSection
	GlobalSection(ProjectConfigurationPlatforms) = postSolution
		{EDC158B0-27CB-4627-B6F5-120FAE6AA541}.Debug|Any CPU.ActiveCfg = Debug|Any CPU
		{EDC158B0-27CB-4627-B6F5-120FAE6AA541}.Debug|Any CPU.Build.0 = Debug|Any CPU
		{EDC158B0-27CB-4627-B6F5-120FAE6AA541}.Release|Any CPU.ActiveCfg = Release|Any CPU
		{EDC158B0-27CB-4627-B6F5-120FAE6AA541}.Release|Any CPU.Build.0 = Release|Any CPU
	EndGlobalSection
	GlobalSection(SolutionProperties) = preSolution
		HideSolutionNode = FALSE
	EndGlobalSection
	GlobalSection(ExtensibilityGlobals) = postSolution
		SolutionGuid = {D7FB3507-4D9C-4CF0-A623-D337C7A3E858}
	EndGlobalSection
EndGlobal
